
Microsoft Visual Studio Solution File, Format Version 12.00
# Visual Studio Version 17
VisualStudioVersion = 17.2.32630.192
MinimumVisualStudioVersion = 10.0.40219.1
Project("{FAE04EC0-301F-11D3-BF4B-00C04F79EFBC}") = "GravityBalls", "GravityBalls.csproj", "{86ED17B9-22F8-484B-89AB-7857F2C8FFA0}"
EndProject
Global
	GlobalSection(SolutionConfigurationPlatforms) = preSolution
		Debug|Any CPU = Debug|Any CPU
		Release|Any CPU = Release|Any CPU
	EndGlobalSection
	GlobalSection(ProjectConfigurationPlatforms) = postSolution
		{86ED17B9-22F8-484B-89AB-7857F2C8FFA0}.Debug|Any CPU.ActiveCfg = Debug|Any CPU
		{86ED17B9-22F8-484B-89AB-7857F2C8FFA0}.Debug|Any CPU.Build.0 = Debug|Any CPU
		{86ED17B9-22F8-484B-89AB-7857F2C8FFA0}.Release|Any CPU.ActiveCfg = Release|Any CPU
		{86ED17B9-22F8-484B-89AB-7857F2C8FFA0}.Release|Any CPU.Build.0 = Release|Any CPU
	EndGlobalSection
	GlobalSection(SolutionProperties) = preSolution
		HideSolutionNode = FALSE
	EndGlobalSection
	GlobalSection(ExtensibilityGlobals) = postSolution
		SolutionGuid = {D5FA6EB4-D348-49EC-9BEE-2C5760AF3ED9}
	EndGlobalSection
EndGlobal
